// !$*UTF8*$!
{
	archiveVersion = 1;
	classes = {
	};
	objectVersion = 56;
	objects = {

/* Begin PBXBuildFile section */
		F463418D2BC1B7130011DB7A /* The_Final_CountdownApp.swift in Sources */ = {isa = PBXBuildFile; fileRef = F463418C2BC1B7130011DB7A /* The_Final_CountdownApp.swift */; };
		F463418F2BC1B7130011DB7A /* ContentView.swift in Sources */ = {isa = PBXBuildFile; fileRef = F463418E2BC1B7130011DB7A /* ContentView.swift */; };
		F46341912BC1B7140011DB7A /* Assets.xcassets in Resources */ = {isa = PBXBuildFile; fileRef = F46341902BC1B7140011DB7A /* Assets.xcassets */; };
		F46341942BC1B7140011DB7A /* Preview Assets.xcassets in Resources */ = {isa = PBXBuildFile; fileRef = F46341932BC1B7140011DB7A /* Preview Assets.xcassets */; };
		F47B93F02BCD7461005EED6B /* CountdownList.swift in Sources */ = {isa = PBXBuildFile; fileRef = F47B93EF2BCD7461005EED6B /* CountdownList.swift */; };
		F4C647592BC228C100D9A700 /* CountdownDetail.swift in Sources */ = {isa = PBXBuildFile; fileRef = F4C647582BC228C100D9A700 /* CountdownDetail.swift */; };
		F4C6475B2BC2317900D9A700 /* EditCountdown.swift in Sources */ = {isa = PBXBuildFile; fileRef = F4C6475A2BC2317900D9A700 /* EditCountdown.swift */; };
		F4C647602BC417DB00D9A700 /* CountdownTimer.swift in Sources */ = {isa = PBXBuildFile; fileRef = F4C6475F2BC417DB00D9A700 /* CountdownTimer.swift */; };
/* End PBXBuildFile section */

/* Begin PBXFileReference section */
		F46341892BC1B7130011DB7A /* The Final Countdown.app */ = {isa = PBXFileReference; explicitFileType = wrapper.application; includeInIndex = 0; path = "The Final Countdown.app"; sourceTree = BUILT_PRODUCTS_DIR; };
		F463418C2BC1B7130011DB7A /* The_Final_CountdownApp.swift */ = {isa = PBXFileReference; lastKnownFileType = sourcecode.swift; path = The_Final_CountdownApp.swift; sourceTree = "<group>"; };
		F463418E2BC1B7130011DB7A /* ContentView.swift */ = {isa = PBXFileReference; lastKnownFileType = sourcecode.swift; path = ContentView.swift; sourceTree = "<group>"; };
		F46341902BC1B7140011DB7A /* Assets.xcassets */ = {isa = PBXFileReference; lastKnownFileType = folder.assetcatalog; path = Assets.xcassets; sourceTree = "<group>"; };
		F46341932BC1B7140011DB7A /* Preview Assets.xcassets */ = {isa = PBXFileReference; lastKnownFileType = folder.assetcatalog; path = "Preview Assets.xcassets"; sourceTree = "<group>"; };
		F47B93EF2BCD7461005EED6B /* CountdownList.swift */ = {isa = PBXFileReference; fileEncoding = 4; lastKnownFileType = sourcecode.swift; path = CountdownList.swift; sourceTree = "<group>"; };
		F4C647582BC228C100D9A700 /* CountdownDetail.swift */ = {isa = PBXFileReference; lastKnownFileType = sourcecode.swift; path = CountdownDetail.swift; sourceTree = "<group>"; };
		F4C6475A2BC2317900D9A700 /* EditCountdown.swift */ = {isa = PBXFileReference; lastKnownFileType = sourcecode.swift; path = EditCountdown.swift; sourceTree = "<group>"; };
		F4C6475F2BC417DB00D9A700 /* CountdownTimer.swift */ = {isa = PBXFileReference; lastKnownFileType = sourcecode.swift; path = CountdownTimer.swift; sourceTree = "<group>"; };
/* End PBXFileReference section */

/* Begin PBXFrameworksBuildPhase section */
		F46341862BC1B7130011DB7A /* Frameworks */ = {
			isa = PBXFrameworksBuildPhase;
			buildActionMask = 2147483647;
			files = (
			);
			runOnlyForDeploymentPostprocessing = 0;
		};
/* End PBXFrameworksBuildPhase section */

/* Begin PBXGroup section */
		F46341802BC1B7130011DB7A = {
			isa = PBXGroup;
			children = (
				F463418B2BC1B7130011DB7A /* The Final Countdown */,
				F463418A2BC1B7130011DB7A /* Products */,
			);
			sourceTree = "<group>";
		};
		F463418A2BC1B7130011DB7A /* Products */ = {
			isa = PBXGroup;
			children = (
				F46341892BC1B7130011DB7A /* The Final Countdown.app */,
			);
			name = Products;
			sourceTree = "<group>";
		};
		F463418B2BC1B7130011DB7A /* The Final Countdown */ = {
			isa = PBXGroup;
			children = (
				F4C6475E2BC417C400D9A700 /* Models */,
				F4C647572BC2289E00D9A700 /* Views */,
				F463418C2BC1B7130011DB7A /* The_Final_CountdownApp.swift */,
				F463418E2BC1B7130011DB7A /* ContentView.swift */,
				F46341902BC1B7140011DB7A /* Assets.xcassets */,
				F46341922BC1B7140011DB7A /* Preview Content */,
			);
			path = "The Final Countdown";
			sourceTree = "<group>";
		};
		F46341922BC1B7140011DB7A /* Preview Content */ = {
			isa = PBXGroup;
			children = (
				F46341932BC1B7140011DB7A /* Preview Assets.xcassets */,
			);
			path = "Preview Content";
			sourceTree = "<group>";
		};
		F4C647572BC2289E00D9A700 /* Views */ = {
			isa = PBXGroup;
			children = (
				F4C647582BC228C100D9A700 /* CountdownDetail.swift */,
				F47B93EF2BCD7461005EED6B /* CountdownList.swift */,
				F4C6475A2BC2317900D9A700 /* EditCountdown.swift */,
			);
			path = Views;
			sourceTree = "<group>";
		};
		F4C6475E2BC417C400D9A700 /* Models */ = {
			isa = PBXGroup;
			children = (
				F4C6475F2BC417DB00D9A700 /* CountdownTimer.swift */,
			);
			path = Models;
			sourceTree = "<group>";
		};
/* End PBXGroup section */

/* Begin PBXNativeTarget section */
		F46341882BC1B7130011DB7A /* The Final Countdown */ = {
			isa = PBXNativeTarget;
			buildConfigurationList = F46341972BC1B7140011DB7A /* Build configuration list for PBXNativeTarget "The Final Countdown" */;
			buildPhases = (
				F46341852BC1B7130011DB7A /* Sources */,
				F46341862BC1B7130011DB7A /* Frameworks */,
				F46341872BC1B7130011DB7A /* Resources */,
			);
			buildRules = (
			);
			dependencies = (
			);
			name = "The Final Countdown";
			productName = "The Final Countdown";
			productReference = F46341892BC1B7130011DB7A /* The Final Countdown.app */;
			productType = "com.apple.product-type.application";
		};
/* End PBXNativeTarget section */

/* Begin PBXProject section */
		F46341812BC1B7130011DB7A /* Project object */ = {
			isa = PBXProject;
			attributes = {
				BuildIndependentTargetsInParallel = 1;
				LastSwiftUpdateCheck = 1530;
				LastUpgradeCheck = 1530;
				TargetAttributes = {
					F46341882BC1B7130011DB7A = {
						CreatedOnToolsVersion = 15.3;
					};
				};
			};
			buildConfigurationList = F46341842BC1B7130011DB7A /* Build configuration list for PBXProject "The Final Countdown" */;
			compatibilityVersion = "Xcode 14.0";
			developmentRegion = en;
			hasScannedForEncodings = 0;
			knownRegions = (
				en,
				Base,
			);
			mainGroup = F46341802BC1B7130011DB7A;
			productRefGroup = F463418A2BC1B7130011DB7A /* Products */;
			projectDirPath = "";
			projectRoot = "";
			targets = (
				F46341882BC1B7130011DB7A /* The Final Countdown */,
			);
		};
/* End PBXProject section */

/* Begin PBXResourcesBuildPhase section */
		F46341872BC1B7130011DB7A /* Resources */ = {
			isa = PBXResourcesBuildPhase;
			buildActionMask = 2147483647;
			files = (
				F46341942BC1B7140011DB7A /* Preview Assets.xcassets in Resources */,
				F46341912BC1B7140011DB7A /* Assets.xcassets in Resources */,
			);
			runOnlyForDeploymentPostprocessing = 0;
		};
/* End PBXResourcesBuildPhase section */

/* Begin PBXSourcesBuildPhase section */
		F46341852BC1B7130011DB7A /* Sources */ = {
			isa = PBXSourcesBuildPhase;
			buildActionMask = 2147483647;
			files = (
				F463418F2BC1B7130011DB7A /* ContentView.swift in Sources */,
				F4C6475B2BC2317900D9A700 /* EditCountdown.swift in Sources */,
				F463418D2BC1B7130011DB7A /* The_Final_CountdownApp.swift in Sources */,
				F47B93F02BCD7461005EED6B /* CountdownList.swift in Sources */,
				F4C647592BC228C100D9A700 /* CountdownDetail.swift in Sources */,
				F4C647602BC417DB00D9A700 /* CountdownTimer.swift in Sources */,
			);
			runOnlyForDeploymentPostprocessing = 0;
		};
/* End PBXSourcesBuildPhase section */

/* Begin XCBuildConfiguration section */
		F46341952BC1B7140011DB7A /* Debug */ = {
			isa = XCBuildConfiguration;
			buildSettings = {
				ALWAYS_SEARCH_USER_PATHS = NO;
				ASSETCATALOG_COMPILER_GENERATE_SWIFT_ASSET_SYMBOL_EXTENSIONS = YES;
				CLANG_ANALYZER_NONNULL = YES;
				CLANG_ANALYZER_NUMBER_OBJECT_CONVERSION = YES_AGGRESSIVE;
				CLANG_CXX_LANGUAGE_STANDARD = "gnu++20";
				CLANG_ENABLE_MODULES = YES;
				CLANG_ENABLE_OBJC_ARC = YES;
				CLANG_ENABLE_OBJC_WEAK = YES;
				CLANG_WARN_BLOCK_CAPTURE_AUTORELEASING = YES;
				CLANG_WARN_BOOL_CONVERSION = YES;
				CLANG_WARN_COMMA = YES;
				CLANG_WARN_CONSTANT_CONVERSION = YES;
				CLANG_WARN_DEPRECATED_OBJC_IMPLEMENTATIONS = YES;
				CLANG_WARN_DIRECT_OBJC_ISA_USAGE = YES_ERROR;
				CLANG_WARN_DOCUMENTATION_COMMENTS = YES;
				CLANG_WARN_EMPTY_BODY = YES;
				CLANG_WARN_ENUM_CONVERSION = YES;
				CLANG_WARN_INFINITE_RECURSION = YES;
				CLANG_WARN_INT_CONVERSION = YES;
				CLANG_WARN_NON_LITERAL_NULL_CONVERSION = YES;
				CLANG_WARN_OBJC_IMPLICIT_RETAIN_SELF = YES;
				CLANG_WARN_OBJC_LITERAL_CONVERSION = YES;
				CLANG_WARN_OBJC_ROOT_CLASS = YES_ERROR;
				CLANG_WARN_QUOTED_INCLUDE_IN_FRAMEWORK_HEADER = YES;
				CLANG_WARN_RANGE_LOOP_ANALYSIS = YES;
				CLANG_WARN_STRICT_PROTOTYPES = YES;
				CLANG_WARN_SUSPICIOUS_MOVE = YES;
				CLANG_WARN_UNGUARDED_AVAILABILITY = YES_AGGRESSIVE;
				CLANG_WARN_UNREACHABLE_CODE = YES;
				CLANG_WARN__DUPLICATE_METHOD_MATCH = YES;
				COPY_PHASE_STRIP = NO;
				DEBUG_INFORMATION_FORMAT = dwarf;
				ENABLE_STRICT_OBJC_MSGSEND = YES;
				ENABLE_TESTABILITY = YES;
				ENABLE_USER_SCRIPT_SANDBOXING = YES;
				GCC_C_LANGUAGE_STANDARD = gnu17;
				GCC_DYNAMIC_NO_PIC = NO;
				GCC_NO_COMMON_BLOCKS = YES;
				GCC_OPTIMIZATION_LEVEL = 0;
				GCC_PREPROCESSOR_DEFINITIONS = (
					"DEBUG=1",
					"$(inherited)",
				);
				GCC_WARN_64_TO_32_BIT_CONVERSION = YES;
				GCC_WARN_ABOUT_RETURN_TYPE = YES_ERROR;
				GCC_WARN_UNDECLARED_SELECTOR = YES;
				GCC_WARN_UNINITIALIZED_AUTOS = YES_AGGRESSIVE;
				GCC_WARN_UNUSED_FUNCTION = YES;
				GCC_WARN_UNUSED_VARIABLE = YES;
				IPHONEOS_DEPLOYMENT_TARGET = 17.4;
				LOCALIZATION_PREFERS_STRING_CATALOGS = YES;
				MTL_ENABLE_DEBUG_INFO = INCLUDE_SOURCE;
				MTL_FAST_MATH = YES;
				ONLY_ACTIVE_ARCH = YES;
				SDKROOT = iphoneos;
				SWIFT_ACTIVE_COMPILATION_CONDITIONS = "DEBUG $(inherited)";
				SWIFT_OPTIMIZATION_LEVEL = "-Onone";
			};
			name = Debug;
		};
		F46341962BC1B7140011DB7A /* Release */ = {
			isa = XCBuildConfiguration;
			buildSettings = {
				ALWAYS_SEARCH_USER_PATHS = NO;
				ASSETCATALOG_COMPILER_GENERATE_SWIFT_ASSET_SYMBOL_EXTENSIONS = YES;
				CLANG_ANALYZER_NONNULL = YES;
				CLANG_ANALYZER_NUMBER_OBJECT_CONVERSION = YES_AGGRESSIVE;
				CLANG_CXX_LANGUAGE_STANDARD = "gnu++20";
				CLANG_ENABLE_MODULES = YES;
				CLANG_ENABLE_OBJC_ARC = YES;
				CLANG_ENABLE_OBJC_WEAK = YES;
				CLANG_WARN_BLOCK_CAPTURE_AUTORELEASING = YES;
				CLANG_WARN_BOOL_CONVERSION = YES;
				CLANG_WARN_COMMA = YES;
				CLANG_WARN_CONSTANT_CONVERSION = YES;
				CLANG_WARN_DEPRECATED_OBJC_IMPLEMENTATIONS = YES;
				CLANG_WARN_DIRECT_OBJC_ISA_USAGE = YES_ERROR;
				CLANG_WARN_DOCUMENTATION_COMMENTS = YES;
				CLANG_WARN_EMPTY_BODY = YES;
				CLANG_WARN_ENUM_CONVERSION = YES;
				CLANG_WARN_INFINITE_RECURSION = YES;
				CLANG_WARN_INT_CONVERSION = YES;
				CLANG_WARN_NON_LITERAL_NULL_CONVERSION = YES;
				CLANG_WARN_OBJC_IMPLICIT_RETAIN_SELF = YES;
				CLANG_WARN_OBJC_LITERAL_CONVERSION = YES;
				CLANG_WARN_OBJC_ROOT_CLASS = YES_ERROR;
				CLANG_WARN_QUOTED_INCLUDE_IN_FRAMEWORK_HEADER = YES;
				CLANG_WARN_RANGE_LOOP_ANALYSIS = YES;
				CLANG_WARN_STRICT_PROTOTYPES = YES;
				CLANG_WARN_SUSPICIOUS_MOVE = YES;
				CLANG_WARN_UNGUARDED_AVAILABILITY = YES_AGGRESSIVE;
				CLANG_WARN_UNREACHABLE_CODE = YES;
				CLANG_WARN__DUPLICATE_METHOD_MATCH = YES;
				COPY_PHASE_STRIP = NO;
				DEBUG_INFORMATION_FORMAT = "dwarf-with-dsym";
				ENABLE_NS_ASSERTIONS = NO;
				ENABLE_STRICT_OBJC_MSGSEND = YES;
				ENABLE_USER_SCRIPT_SANDBOXING = YES;
				GCC_C_LANGUAGE_STANDARD = gnu17;
				GCC_NO_COMMON_BLOCKS = YES;
				GCC_WARN_64_TO_32_BIT_CONVERSION = YES;
				GCC_WARN_ABOUT_RETURN_TYPE = YES_ERROR;
				GCC_WARN_UNDECLARED_SELECTOR = YES;
				GCC_WARN_UNINITIALIZED_AUTOS = YES_AGGRESSIVE;
				GCC_WARN_UNUSED_FUNCTION = YES;
				GCC_WARN_UNUSED_VARIABLE = YES;
				IPHONEOS_DEPLOYMENT_TARGET = 17.4;
				LOCALIZATION_PREFERS_STRING_CATALOGS = YES;
				MTL_ENABLE_DEBUG_INFO = NO;
				MTL_FAST_MATH = YES;
				SDKROOT = iphoneos;
				SWIFT_COMPILATION_MODE = wholemodule;
				VALIDATE_PRODUCT = YES;
			};
			name = Release;
		};
		F46341982BC1B7140011DB7A /* Debug */ = {
			isa = XCBuildConfiguration;
			buildSettings = {
				ASSETCATALOG_COMPILER_APPICON_NAME = AppIcon;
				ASSETCATALOG_COMPILER_GLOBAL_ACCENT_COLOR_NAME = AccentColor;
				CODE_SIGN_STYLE = Automatic;
				CURRENT_PROJECT_VERSION = 1;
				DEVELOPMENT_ASSET_PATHS = "\"The Final Countdown/Preview Content\"";
				DEVELOPMENT_TEAM = 7RAVQR8DS3;
				ENABLE_PREVIEWS = YES;
				GENERATE_INFOPLIST_FILE = YES;
				INFOPLIST_KEY_UIApplicationSceneManifest_Generation = YES;
				INFOPLIST_KEY_UIApplicationSupportsIndirectInputEvents = YES;
				INFOPLIST_KEY_UILaunchScreen_Generation = YES;
				INFOPLIST_KEY_UISupportedInterfaceOrientations_iPad = "UIInterfaceOrientationPortrait UIInterfaceOrientationPortraitUpsideDown UIInterfaceOrientationLandscapeLeft UIInterfaceOrientationLandscapeRight";
				INFOPLIST_KEY_UISupportedInterfaceOrientations_iPhone = "UIInterfaceOrientationPortrait UIInterfaceOrientationLandscapeLeft UIInterfaceOrientationLandscapeRight";
				LD_RUNPATH_SEARCH_PATHS = (
					"$(inherited)",
					"@executable_path/Frameworks",
				);
				MARKETING_VERSION = 1.0;
				PRODUCT_BUNDLE_IDENTIFIER = "com.quantumdev.The-Final-Countdown";
				PRODUCT_NAME = "$(TARGET_NAME)";
				SWIFT_EMIT_LOC_STRINGS = YES;
				SWIFT_VERSION = 5.0;
				TARGETED_DEVICE_FAMILY = "1,2";
			};
			name = Debug;
		};
		F46341992BC1B7140011DB7A /* Release */ = {
			isa = XCBuildConfiguration;
			buildSettings = {
				ASSETCATALOG_COMPILER_APPICON_NAME = AppIcon;
				ASSETCATALOG_COMPILER_GLOBAL_ACCENT_COLOR_NAME = AccentColor;
				CODE_SIGN_STYLE = Automatic;
				CURRENT_PROJECT_VERSION = 1;
				DEVELOPMENT_ASSET_PATHS = "\"The Final Countdown/Preview Content\"";
				DEVELOPMENT_TEAM = 7RAVQR8DS3;
				ENABLE_PREVIEWS = YES;
				GENERATE_INFOPLIST_FILE = YES;
				INFOPLIST_KEY_UIApplicationSceneManifest_Generation = YES;
				INFOPLIST_KEY_UIApplicationSupportsIndirectInputEvents = YES;
				INFOPLIST_KEY_UILaunchScreen_Generation = YES;
				INFOPLIST_KEY_UISupportedInterfaceOrientations_iPad = "UIInterfaceOrientationPortrait UIInterfaceOrientationPortraitUpsideDown UIInterfaceOrientationLandscapeLeft UIInterfaceOrientationLandscapeRight";
				INFOPLIST_KEY_UISupportedInterfaceOrientations_iPhone = "UIInterfaceOrientationPortrait UIInterfaceOrientationLandscapeLeft UIInterfaceOrientationLandscapeRight";
				LD_RUNPATH_SEARCH_PATHS = (
					"$(inherited)",
					"@executable_path/Frameworks",
				);
				MARKETING_VERSION = 1.0;
				PRODUCT_BUNDLE_IDENTIFIER = "com.quantumdev.The-Final-Countdown";
				PRODUCT_NAME = "$(TARGET_NAME)";
				SWIFT_EMIT_LOC_STRINGS = YES;
				SWIFT_VERSION = 5.0;
				TARGETED_DEVICE_FAMILY = "1,2";
			};
			name = Release;
		};
/* End XCBuildConfiguration section */

/* Begin XCConfigurationList section */
		F46341842BC1B7130011DB7A /* Build configuration list for PBXProject "The Final Countdown" */ = {
			isa = XCConfigurationList;
			buildConfigurations = (
				F46341952BC1B7140011DB7A /* Debug */,
				F46341962BC1B7140011DB7A /* Release */,
			);
			defaultConfigurationIsVisible = 0;
			defaultConfigurationName = Release;
		};
		F46341972BC1B7140011DB7A /* Build configuration list for PBXNativeTarget "The Final Countdown" */ = {
			isa = XCConfigurationList;
			buildConfigurations = (
				F46341982BC1B7140011DB7A /* Debug */,
				F46341992BC1B7140011DB7A /* Release */,
			);
			defaultConfigurationIsVisible = 0;
			defaultConfigurationName = Release;
		};
/* End XCConfigurationList section */
	};
	rootObject = F46341812BC1B7130011DB7A /* Project object */;
}
